[r]
version = "4.6.1"

[[package]]
name = "DBI"
version = "1.3.0"
source = "cran"
raw_version = "1.3.0"
url = "https://cran.r-project.org/src/contrib/DBI_1.3.0.tar.gz"
checksum = "md5:ce5e3153cc7395a2aac452db1099d003"

[[package]]
name = "MASS"
version = "7.3.66"
source = "cran"
raw_version = "7.3-66"
url = "https://cran.r-project.org/src/contrib/MASS_7.3-66.tar.gz"
checksum = "md5:272648f9e6c9f1855417b099ea03ee46"

[[package]]
name = "R6"
version = "2.6.1"
source = "cran"
raw_version = "2.6.1"
url = "https://cran.r-project.org/src/contrib/R6_2.6.1.tar.gz"
checksum = "md5:f01b1787f12797c29194d63c9afd5d70"

[[package]]
name = "RColorBrewer"
version = "1.1.3"
source = "cran"
raw_version = "1.1-3"
url = "https://cran.r-project.org/src/contrib/RColorBrewer_1.1-3.tar.gz"
checksum = "md5:9b687595bbe02a7e43fc195ba33f065c"

[[package]]
name = "Rcpp"
version = "1.1.2"
source = "cran"
raw_version = "1.1.2"
url = "https://cran.r-project.org/src/contrib/Rcpp_1.1.2.tar.gz"
checksum = "md5:353d35176db9c570705a0a324c06fdca"

[[package]]
name = "S7"
version = "0.2.2"
source = "cran"
raw_version = "0.2.2"
url = "https://cran.r-project.org/src/contrib/S7_0.2.2.tar.gz"
checksum = "md5:6a40d3eae470be0f06a03737b9391269"

[[package]]
name = "arrow"
version = "25.0.0"
source = "cran"
raw_version = "25.0.0"
url = "https://cran.r-project.org/src/contrib/arrow_25.0.0.tar.gz"
checksum = "md5:ad509e6f67cab44b236d8984fac461c1"
requires = [
    "assertthat",
    "bit64",
    "glue",
    "purrr",
    "R6",
    "rlang",
    "tidyselect",
    "vctrs",
    "cpp11",
]

[[package]]
name = "askpass"
version = "1.2.1"
source = "cran"
raw_version = "1.2.1"
url = "https://cran.r-project.org/src/contrib/askpass_1.2.1.tar.gz"
checksum = "md5:fc2c6a61b6a354707586b01950366f37"
requires = ["sys"]

[[package]]
name = "assertthat"
version = "0.2.1"
source = "cran"
raw_version = "0.2.1"
url = "https://cran.r-project.org/src/contrib/assertthat_0.2.1.tar.gz"
checksum = "md5:9f2eae3d20a9d6b40856a6fed013cb05"

[[package]]
name = "backports"
version = "1.5.1"
source = "cran"
raw_version = "1.5.1"
url = "https://cran.r-project.org/src/contrib/backports_1.5.1.tar.gz"
checksum = "md5:f23f63d1a2a739db18644dfa8c1de7ec"

[[package]]
name = "base64enc"
version = "0.1.6"
source = "cran"
raw_version = "0.1-6"
url = "https://cran.r-project.org/src/contrib/base64enc_0.1-6.tar.gz"
checksum = "md5:2c4ecc969451a673ee05eb2e725fcbaf"

[[package]]
name = "bit"
version = "4.6.0"
source = "cran"
raw_version = "4.6.0"
url = "https://cran.r-project.org/src/contrib/bit_4.6.0.tar.gz"
checksum = "md5:f36540550af63b0db8c78429d7366998"

[[package]]
name = "bit64"
version = "4.8.2"
source = "cran"
raw_version = "4.8.2"
url = "https://cran.r-project.org/src/contrib/bit64_4.8.2.tar.gz"
checksum = "md5:12904714853ba84b8d1808266e5ef943"
requires = ["bit"]

[[package]]
name = "blob"
version = "1.3.0"
source = "cran"
raw_version = "1.3.0"
url = "https://cran.r-project.org/src/contrib/blob_1.3.0.tar.gz"
checksum = "md5:8a43f72d9dff0b574606a9d8b191c33a"
requires = [
    "rlang",
    "vctrs",
]

[[package]]
name = "broom"
version = "1.0.13"
source = "cran"
raw_version = "1.0.13"
url = "https://cran.r-project.org/src/contrib/broom_1.0.13.tar.gz"
checksum = "md5:f18019fa804c6a0f47eb5b83c0cc5bb8"
requires = [
    "backports",
    "cli",
    "dplyr",
    "generics",
    "glue",
    "lifecycle",
    "purrr",
    "rlang",
    "stringr",
    "tibble",
    "tidyr",
]

[[package]]
name = "bslib"
version = "0.11.0"
source = "cran"
raw_version = "0.11.0"
url = "https://cran.r-project.org/src/contrib/bslib_0.11.0.tar.gz"
checksum = "md5:33ff4265fa9789b2b35945be75e61fd0"
requires = [
    "base64enc",
    "cachem",
    "fastmap",
    "htmltools",
    "jquerylib",
    "jsonlite",
    "lifecycle",
    "memoise",
    "mime",
    "rlang",
    "sass",
]

[[package]]
name = "cachem"
version = "1.1.0"
source = "cran"
raw_version = "1.1.0"
url = "https://cran.r-project.org/src/contrib/cachem_1.1.0.tar.gz"
checksum = "md5:53980eb40dd09b0cd44673d3a6fabe36"
requires = [
    "rlang",
    "fastmap",
]

[[package]]
name = "callr"
version = "3.8.0"
source = "cran"
raw_version = "3.8.0"
url = "https://cran.r-project.org/src/contrib/callr_3.8.0.tar.gz"
checksum = "md5:6f2cca7ac13cfa5ef90288587f43de6f"
requires = [
    "otel",
    "processx",
    "R6",
]

[[package]]
name = "cellranger"
version = "1.1.0"
source = "cran"
raw_version = "1.1.0"
url = "https://cran.r-project.org/src/contrib/cellranger_1.1.0.tar.gz"
checksum = "md5:1abcfea6af5ab2e277cb99e86880456f"
requires = [
    "rematch",
    "tibble",
]

[[package]]
name = "cli"
version = "3.6.6"
source = "cran"
raw_version = "3.6.6"
url = "https://cran.r-project.org/src/contrib/cli_3.6.6.tar.gz"
checksum = "md5:eedc08ba864ae6cd640b05eff1a607ee"

[[package]]
name = "clipr"
version = "0.8.1"
source = "cran"
raw_version = "0.8.1"
url = "https://cran.r-project.org/src/contrib/clipr_0.8.1.tar.gz"
checksum = "md5:e3618a0611ca2dfbc6475975a163ab6a"

[[package]]
name = "conflicted"
version = "1.2.0"
source = "cran"
raw_version = "1.2.0"
url = "https://cran.r-project.org/src/contrib/conflicted_1.2.0.tar.gz"
checksum = "md5:22c2c1253ab5868c846cb19a481cc2e9"
requires = [
    "cli",
    "memoise",
    "rlang",
]

[[package]]
name = "cpp11"
version = "0.5.5"
source = "cran"
raw_version = "0.5.5"
url = "https://cran.r-project.org/src/contrib/cpp11_0.5.5.tar.gz"
checksum = "md5:7c4c3f58ffa7adec25b85d0d99c0d7ed"

[[package]]
name = "crayon"
version = "1.5.3"
source = "cran"
raw_version = "1.5.3"
url = "https://cran.r-project.org/src/contrib/crayon_1.5.3.tar.gz"
checksum = "md5:bb290c70d23b2200006187ac7839116f"

[[package]]
name = "curl"
version = "7.1.0"
source = "cran"
raw_version = "7.1.0"
url = "https://cran.r-project.org/src/contrib/curl_7.1.0.tar.gz"
checksum = "md5:8af2ccbf5d85dc18866f45f1f26f348d"

[[package]]
name = "data.table"
version = "1.18.4"
source = "cran"
raw_version = "1.18.4"
url = "https://cran.r-project.org/src/contrib/data.table_1.18.4.tar.gz"
checksum = "md5:8802d3e9516d5b38dd4aa1a473e2ac6e"

[[package]]
name = "dbplyr"
version = "2.6.0"
source = "cran"
raw_version = "2.6.0"
url = "https://cran.r-project.org/src/contrib/dbplyr_2.6.0.tar.gz"
checksum = "md5:1384b443dbd4dfa5632bbf9d8b75f648"
requires = [
    "blob",
    "cli",
    "DBI",
    "dplyr",
    "glue",
    "lifecycle",
    "magrittr",
    "pillar",
    "purrr",
    "R6",
    "rlang",
    "tibble",
    "tidyr",
    "tidyselect",
    "vctrs",
    "withr",
]

[[package]]
name = "digest"
version = "0.6.39"
source = "cran"
raw_version = "0.6.39"
url = "https://cran.r-project.org/src/contrib/digest_0.6.39.tar.gz"
checksum = "md5:2b7268922b0f86dbc8064ff8e3a1ca1b"

[[package]]
name = "dplyr"
version = "1.2.1"
source = "cran"
raw_version = "1.2.1"
url = "https://cran.r-project.org/src/contrib/dplyr_1.2.1.tar.gz"
checksum = "md5:1c6ba2499c7a08d081bdb530423ab22c"
requires = [
    "cli",
    "generics",
    "glue",
    "lifecycle",
    "magrittr",
    "pillar",
    "R6",
    "rlang",
    "tibble",
    "tidyselect",
    "vctrs",
]

[[package]]
name = "dtplyr"
version = "1.3.3"
source = "cran"
raw_version = "1.3.3"
url = "https://cran.r-project.org/src/contrib/dtplyr_1.3.3.tar.gz"
checksum = "md5:ad62a3b9b0fdcdaf84da68131edc5155"
requires = [
    "cli",
    "data.table",
    "dplyr",
    "glue",
    "lifecycle",
    "rlang",
    "tibble",
    "tidyselect",
    "vctrs",
]

[[package]]
name = "evaluate"
version = "1.0.5"
source = "cran"
raw_version = "1.0.5"
url = "https://cran.r-project.org/src/contrib/evaluate_1.0.5.tar.gz"
checksum = "md5:64d96fee3845fd96d1eafaba37adf00e"

[[package]]
name = "farver"
version = "2.1.2"
source = "cran"
raw_version = "2.1.2"
url = "https://cran.r-project.org/src/contrib/farver_2.1.2.tar.gz"
checksum = "md5:1fa98878bb985e28d968630c7e7597b6"

[[package]]
name = "fastmap"
version = "1.2.0"
source = "cran"
raw_version = "1.2.0"
url = "https://cran.r-project.org/src/contrib/fastmap_1.2.0.tar.gz"
checksum = "md5:f53773acd6ba9a86413e8c2dc6441544"

[[package]]
name = "flextable"
version = "0.10.0"
source = "cran"
raw_version = "0.10.0"
url = "https://cran.r-project.org/src/contrib/flextable_0.10.0.tar.gz"
checksum = "md5:78c19699e2ec98011b3b48ff1bf0b4aa"
requires = [
    "data.table",
    "gdtools",
    "htmltools",
    "knitr",
    "officer",
    "ragg",
    "rlang",
    "rmarkdown",
    "uuid",
    "xml2",
]

[[package]]
name = "fontBitstreamVera"
version = "0.1.1"
source = "cran"
raw_version = "0.1.1"
url = "https://cran.r-project.org/src/contrib/fontBitstreamVera_0.1.1.tar.gz"
checksum = "md5:c32821c06d909336ace68f2df3d8710e"

[[package]]
name = "fontLiberation"
version = "0.1.0"
source = "cran"
raw_version = "0.1.0"
url = "https://cran.r-project.org/src/contrib/fontLiberation_0.1.0.tar.gz"
checksum = "md5:7a317aca78d58fc0b2417380cc702864"

[[package]]
name = "fontawesome"
version = "0.5.3"
source = "cran"
raw_version = "0.5.3"
url = "https://cran.r-project.org/src/contrib/fontawesome_0.5.3.tar.gz"
checksum = "md5:95b072a27418b962792410dfb21c3d2b"
requires = [
    "rlang",
    "htmltools",
]

[[package]]
name = "fontquiver"
version = "0.2.1"
source = "cran"
raw_version = "0.2.1"
url = "https://cran.r-project.org/src/contrib/fontquiver_0.2.1.tar.gz"
checksum = "md5:eddbde07ef14475acfbdc9e82d45385a"
requires = [
    "fontBitstreamVera",
    "fontLiberation",
]

[[package]]
name = "forcats"
version = "1.0.1"
source = "cran"
raw_version = "1.0.1"
url = "https://cran.r-project.org/src/contrib/forcats_1.0.1.tar.gz"
checksum = "md5:9c4f48673cf195a7c420e32667847958"
requires = [
    "cli",
    "glue",
    "lifecycle",
    "magrittr",
    "rlang",
    "tibble",
]

[[package]]
name = "fs"
version = "2.1.0"
source = "cran"
raw_version = "2.1.0"
url = "https://cran.r-project.org/src/contrib/fs_2.1.0.tar.gz"
checksum = "md5:6011a5e758c21acc297ed8bbcf97e7d9"

[[package]]
name = "gargle"
version = "1.6.1"
source = "cran"
raw_version = "1.6.1"
url = "https://cran.r-project.org/src/contrib/gargle_1.6.1.tar.gz"
checksum = "md5:a0ca8a66d77f1417539ad13bb3e85b5d"
requires = [
    "cli",
    "fs",
    "glue",
    "httr",
    "jsonlite",
    "lifecycle",
    "openssl",
    "rappdirs",
    "rlang",
    "withr",
]

[[package]]
name = "gdtools"
version = "0.5.1"
source = "cran"
raw_version = "0.5.1"
url = "https://cran.r-project.org/src/contrib/gdtools_0.5.1.tar.gz"
checksum = "md5:eb8b6f792f150c2cbccaac67f7b12fda"
requires = [
    "fontquiver",
    "htmltools",
    "Rcpp",
    "systemfonts",
    "Rcpp",
]

[[package]]
name = "generics"
version = "0.1.4"
source = "cran"
raw_version = "0.1.4"
url = "https://cran.r-project.org/src/contrib/generics_0.1.4.tar.gz"
checksum = "md5:dda54b65216fe3c53571d2adaddc7461"

[[package]]
name = "ggiraph"
version = "0.9.6"
source = "cran"
raw_version = "0.9.6"
url = "https://cran.r-project.org/src/contrib/ggiraph_0.9.6.tar.gz"
checksum = "md5:b4124d8c621dba74ff25e0ef7b99ab0c"
requires = [
    "cli",
    "dplyr",
    "gdtools",
    "ggplot2",
    "htmltools",
    "htmlwidgets",
    "MASS",
    "purrr",
    "Rcpp",
    "rlang",
    "S7",
    "systemfonts",
    "vctrs",
    "Rcpp",
    "systemfonts",
]

[[package]]
name = "ggplot2"
version = "4.0.3"
source = "cran"
raw_version = "4.0.3"
url = "https://cran.r-project.org/src/contrib/ggplot2_4.0.3.tar.gz"
checksum = "md5:c50d6864f6226ed9759e5deaa0a25e7f"
requires = [
    "cli",
    "gtable",
    "isoband",
    "lifecycle",
    "rlang",
    "S7",
    "scales",
    "vctrs",
    "withr",
]

[[package]]
name = "glue"
version = "1.8.1"
source = "cran"
raw_version = "1.8.1"
url = "https://cran.r-project.org/src/contrib/glue_1.8.1.tar.gz"
checksum = "md5:24e3cd382f52015c929538a5208d11aa"

[[package]]
name = "googledrive"
version = "2.1.2"
source = "cran"
raw_version = "2.1.2"
url = "https://cran.r-project.org/src/contrib/googledrive_2.1.2.tar.gz"
checksum = "md5:8aeb39196ae48307a903bba1e5d73fa5"
requires = [
    "cli",
    "gargle",
    "glue",
    "httr",
    "jsonlite",
    "lifecycle",
    "magrittr",
    "pillar",
    "purrr",
    "rlang",
    "tibble",
    "uuid",
    "vctrs",
    "withr",
]

[[package]]
name = "googlesheets4"
version = "1.1.2"
source = "cran"
raw_version = "1.1.2"
url = "https://cran.r-project.org/src/contrib/googlesheets4_1.1.2.tar.gz"
checksum = "md5:21094083f375d8f9d1499263de1d9ecc"
requires = [
    "cellranger",
    "cli",
    "curl",
    "gargle",
    "glue",
    "googledrive",
    "httr",
    "ids",
    "lifecycle",
    "magrittr",
    "purrr",
    "rematch2",
    "rlang",
    "tibble",
    "vctrs",
    "withr",
]

[[package]]
name = "gtable"
version = "0.3.6"
source = "cran"
raw_version = "0.3.6"
url = "https://cran.r-project.org/src/contrib/gtable_0.3.6.tar.gz"
checksum = "md5:545f07ada570ec8e3f4b22843974ac6d"
requires = [
    "cli",
    "glue",
    "lifecycle",
    "rlang",
]

[[package]]
name = "haven"
version = "2.5.5"
source = "cran"
raw_version = "2.5.5"
url = "https://cran.r-project.org/src/contrib/haven_2.5.5.tar.gz"
checksum = "md5:facac99e920be087ad5d1d65e5f74110"
requires = [
    "cli",
    "forcats",
    "hms",
    "lifecycle",
    "readr",
    "rlang",
    "tibble",
    "tidyselect",
    "vctrs",
    "cpp11",
]

[[package]]
name = "here"
version = "1.0.2"
source = "cran"
raw_version = "1.0.2"
url = "https://cran.r-project.org/src/contrib/here_1.0.2.tar.gz"
checksum = "md5:d2ff22b1f33c99b75ab3597ef0f79506"
requires = ["rprojroot"]

[[package]]
name = "highr"
version = "0.12.0"
source = "cran"
raw_version = "0.12"
url = "https://cran.r-project.org/src/contrib/highr_0.12.tar.gz"
checksum = "md5:006fcfa8e16c72ecd1adffdf0cf87e43"
requires = ["xfun"]

[[package]]
name = "hms"
version = "1.1.4"
source = "cran"
raw_version = "1.1.4"
url = "https://cran.r-project.org/src/contrib/hms_1.1.4.tar.gz"
checksum = "md5:f63240ba5139ec2a20bd1ac56bae8243"
requires = [
    "cli",
    "lifecycle",
    "pkgconfig",
    "rlang",
    "vctrs",
]

[[package]]
name = "htmltools"
version = "0.5.9"
source = "cran"
raw_version = "0.5.9"
url = "https://cran.r-project.org/src/contrib/htmltools_0.5.9.tar.gz"
checksum = "md5:f4a0cac920fb54b5c5ea94e175e20067"
requires = [
    "base64enc",
    "digest",
    "fastmap",
    "rlang",
]

[[package]]
name = "htmlwidgets"
version = "1.6.4"
source = "cran"
raw_version = "1.6.4"
url = "https://cran.r-project.org/src/contrib/htmlwidgets_1.6.4.tar.gz"
checksum = "md5:e1ea7f9774ad7a79fcf31e52c2074fd1"
requires = [
    "htmltools",
    "jsonlite",
    "knitr",
    "rmarkdown",
    "yaml",
]

[[package]]
name = "httr"
version = "1.4.8"
source = "cran"
raw_version = "1.4.8"
url = "https://cran.r-project.org/src/contrib/httr_1.4.8.tar.gz"
checksum = "md5:8756015b94a9cff6f410ca4de8557f12"
requires = [
    "curl",
    "jsonlite",
    "mime",
    "openssl",
    "R6",
]

[[package]]
name = "ids"
version = "1.0.1"
source = "cran"
raw_version = "1.0.1"
url = "https://cran.r-project.org/src/contrib/ids_1.0.1.tar.gz"
checksum = "md5:da97e1c97b795a9c0e4f51dcb1d928bb"
requires = [
    "openssl",
    "uuid",
]

[[package]]
name = "isoband"
version = "0.3.0"
source = "cran"
raw_version = "0.3.0"
url = "https://cran.r-project.org/src/contrib/isoband_0.3.0.tar.gz"
checksum = "md5:0b811a225740b6e4ae0afcdd64f11407"
requires = [
    "cli",
    "rlang",
    "cpp11",
]

[[package]]
name = "janitor"
version = "2.2.1"
source = "cran"
raw_version = "2.2.1"
url = "https://cran.r-project.org/src/contrib/janitor_2.2.1.tar.gz"
checksum = "md5:602dd5f791aa6a7d92bf029e1035d185"
requires = [
    "dplyr",
    "hms",
    "lifecycle",
    "lubridate",
    "magrittr",
    "purrr",
    "rlang",
    "stringi",
    "stringr",
    "snakecase",
    "tidyselect",
    "tidyr",
]

[[package]]
name = "jquerylib"
version = "0.1.4"
source = "cran"
raw_version = "0.1.4"
url = "https://cran.r-project.org/src/contrib/jquerylib_0.1.4.tar.gz"
checksum = "md5:3607a34ac45ff420bc325d84eab4b0cb"
requires = ["htmltools"]

[[package]]
name = "jsonlite"
version = "2.0.0"
source = "cran"
raw_version = "2.0.0"
url = "https://cran.r-project.org/src/contrib/jsonlite_2.0.0.tar.gz"
checksum = "md5:3e54e6fbc0c9063936e3d01e91419c14"

[[package]]
name = "knitr"
version = "1.51.0"
source = "cran"
raw_version = "1.51"
url = "https://cran.r-project.org/src/contrib/knitr_1.51.tar.gz"
checksum = "md5:79f32f24b572fe198baca8882d6aa87f"
requires = [
    "evaluate",
    "highr",
    "xfun",
    "yaml",
]

[[package]]
name = "labeling"
version = "0.4.3"
source = "cran"
raw_version = "0.4.3"
url = "https://cran.r-project.org/src/contrib/labeling_0.4.3.tar.gz"
checksum = "md5:915e6c823c1d8243641ce97253389f14"

[[package]]
name = "lifecycle"
version = "1.0.5"
source = "cran"
raw_version = "1.0.5"
url = "https://cran.r-project.org/src/contrib/lifecycle_1.0.5.tar.gz"
checksum = "md5:bce35a7a89fe4108f262db3e441cccae"
requires = [
    "cli",
    "rlang",
]

[[package]]
name = "lubridate"
version = "1.9.5"
source = "cran"
raw_version = "1.9.5"
url = "https://cran.r-project.org/src/contrib/lubridate_1.9.5.tar.gz"
checksum = "md5:09977b7de6710ca05886412c6aa3a5a3"
requires = [
    "generics",
    "timechange",
]

[[package]]
name = "magrittr"
version = "2.0.5"
source = "cran"
raw_version = "2.0.5"
url = "https://cran.r-project.org/src/contrib/magrittr_2.0.5.tar.gz"
checksum = "md5:4ee23a88bc1589527696d777d7e68dfc"

[[package]]
name = "memoise"
version = "2.0.1"
source = "cran"
raw_version = "2.0.1"
url = "https://cran.r-project.org/src/contrib/memoise_2.0.1.tar.gz"
checksum = "md5:89da4ce771967d851db47132b762ce6f"
requires = [
    "rlang",
    "cachem",
]

[[package]]
name = "mime"
version = "0.13.0"
source = "cran"
raw_version = "0.13"
url = "https://cran.r-project.org/src/contrib/mime_0.13.tar.gz"
checksum = "md5:45c3868fb2f5a7f3817d54d1c75799f9"

[[package]]
name = "modelr"
version = "0.1.11"
source = "cran"
raw_version = "0.1.11"
url = "https://cran.r-project.org/src/contrib/modelr_0.1.11.tar.gz"
checksum = "md5:ddfa4fdf1446004a7b75289eb81e8548"
requires = [
    "broom",
    "magrittr",
    "purrr",
    "rlang",
    "tibble",
    "tidyr",
    "tidyselect",
    "vctrs",
]

[[package]]
name = "officer"
version = "0.7.6"
source = "cran"
raw_version = "0.7.6"
url = "https://cran.r-project.org/src/contrib/officer_0.7.6.tar.gz"
checksum = "md5:2aad6ed675b59424b820cf917c9da9e0"
requires = [
    "cli",
    "dplyr",
    "openssl",
    "R6",
    "ragg",
    "tidyr",
    "uuid",
    "xml2",
    "zip",
]

[[package]]
name = "openssl"
version = "2.4.2"
source = "cran"
raw_version = "2.4.2"
url = "https://cran.r-project.org/src/contrib/openssl_2.4.2.tar.gz"
checksum = "md5:748b0fa601173da477706803783b6943"
requires = ["askpass"]

[[package]]
name = "otel"
version = "0.2.0"
source = "cran"
raw_version = "0.2.0"
url = "https://cran.r-project.org/src/contrib/otel_0.2.0.tar.gz"
checksum = "md5:cecd0f434a6327dcf5ca0bc2da494d06"

[[package]]
name = "patchwork"
version = "1.3.2"
source = "cran"
raw_version = "1.3.2"
url = "https://cran.r-project.org/src/contrib/patchwork_1.3.2.tar.gz"
checksum = "md5:cd1723c708ead431720bc9652998e325"
requires = [
    "ggplot2",
    "gtable",
    "rlang",
    "cli",
    "farver",
]

[[package]]
name = "pillar"
version = "1.11.1"
source = "cran"
raw_version = "1.11.1"
url = "https://cran.r-project.org/src/contrib/pillar_1.11.1.tar.gz"
checksum = "md5:eb84af558b1ac0d743a4790e99acad6e"
requires = [
    "cli",
    "glue",
    "lifecycle",
    "rlang",
    "utf8",
    "vctrs",
]

[[package]]
name = "pkgconfig"
version = "2.0.3"
source = "cran"
raw_version = "2.0.3"
url = "https://cran.r-project.org/src/contrib/pkgconfig_2.0.3.tar.gz"
checksum = "md5:7b9ca1d45d941238381cb55d13ff4d68"

[[package]]
name = "prettyunits"
version = "1.2.0"
source = "cran"
raw_version = "1.2.0"
url = "https://cran.r-project.org/src/contrib/prettyunits_1.2.0.tar.gz"
checksum = "md5:2e2db8105f214b80d3d4254b8aabb255"

[[package]]
name = "processx"
version = "3.9.0"
source = "cran"
raw_version = "3.9.0"
url = "https://cran.r-project.org/src/contrib/processx_3.9.0.tar.gz"
checksum = "md5:c4e0ed59285d195cdb03c66e3a9cb76d"
requires = [
    "ps",
    "R6",
]

[[package]]
name = "progress"
version = "1.2.3"
source = "cran"
raw_version = "1.2.3"
url = "https://cran.r-project.org/src/contrib/progress_1.2.3.tar.gz"
checksum = "md5:db78636d2dd5ee346f5caf48bfa69f5e"
requires = [
    "crayon",
    "hms",
    "prettyunits",
    "R6",
]

[[package]]
name = "ps"
version = "1.9.3"
source = "cran"
raw_version = "1.9.3"
url = "https://cran.r-project.org/src/contrib/ps_1.9.3.tar.gz"
checksum = "md5:a965ee358e18f9d6586f594487e1c2cf"

[[package]]
name = "purrr"
version = "1.2.2"
source = "cran"
raw_version = "1.2.2"
url = "https://cran.r-project.org/src/contrib/purrr_1.2.2.tar.gz"
checksum = "md5:1b554060b57fdfe3ba6544c557b0f8d8"
requires = [
    "cli",
    "lifecycle",
    "magrittr",
    "rlang",
    "vctrs",
    "cli",
]

[[package]]
name = "ragg"
version = "1.5.2"
source = "cran"
raw_version = "1.5.2"
url = "https://cran.r-project.org/src/contrib/ragg_1.5.2.tar.gz"
checksum = "md5:3913bca155c1e59f2183657a08a30b63"
requires = [
    "systemfonts",
    "textshaping",
    "systemfonts",
    "textshaping",
]

[[package]]
name = "rappdirs"
version = "0.3.4"
source = "cran"
raw_version = "0.3.4"
url = "https://cran.r-project.org/src/contrib/rappdirs_0.3.4.tar.gz"
checksum = "md5:a990a3ddcfa9eb422cd406f78084fbd8"

[[package]]
name = "readr"
version = "2.2.0"
source = "cran"
raw_version = "2.2.0"
url = "https://cran.r-project.org/src/contrib/readr_2.2.0.tar.gz"
checksum = "md5:3e87b7c88d9853bb2cec2f11eec2bf72"
requires = [
    "cli",
    "clipr",
    "crayon",
    "glue",
    "hms",
    "lifecycle",
    "R6",
    "rlang",
    "tibble",
    "vroom",
    "withr",
    "cpp11",
    "tzdb",
]

[[package]]
name = "readxl"
version = "1.5.0"
source = "cran"
raw_version = "1.5.0"
url = "https://cran.r-project.org/src/contrib/readxl_1.5.0.tar.gz"
checksum = "md5:bd4cffa51566929514856062c026ffb6"
requires = [
    "cellranger",
    "tibble",
    "cpp11",
    "progress",
]

[[package]]
name = "rematch"
version = "2.0.0"
source = "cran"
raw_version = "2.0.0"
url = "https://cran.r-project.org/src/contrib/rematch_2.0.0.tar.gz"
checksum = "md5:64ad138fd1cec37d50683cbf2958e47b"

[[package]]
name = "rematch2"
version = "2.1.2"
source = "cran"
raw_version = "2.1.2"
url = "https://cran.r-project.org/src/contrib/rematch2_2.1.2.tar.gz"
checksum = "md5:41627df5d3fbf98f0cf98c027e14af00"
requires = ["tibble"]

[[package]]
name = "reprex"
version = "2.1.1"
source = "cran"
raw_version = "2.1.1"
url = "https://cran.r-project.org/src/contrib/reprex_2.1.1.tar.gz"
checksum = "md5:cddc2f1334ad703df88a18926432470f"
requires = [
    "callr",
    "cli",
    "clipr",
    "fs",
    "glue",
    "knitr",
    "lifecycle",
    "rlang",
    "rmarkdown",
    "rstudioapi",
    "withr",
]

[[package]]
name = "rlang"
version = "1.3.0"
source = "cran"
raw_version = "1.3.0"
url = "https://cran.r-project.org/src/contrib/rlang_1.3.0.tar.gz"
checksum = "md5:b52c165e43f4d7fe5cfa15c5c9467ff4"

[[package]]
name = "rmarkdown"
version = "2.31.0"
source = "cran"
raw_version = "2.31"
url = "https://cran.r-project.org/src/contrib/rmarkdown_2.31.tar.gz"
checksum = "md5:8f7a4eef6b62e7f2284550c3134f28c8"
requires = [
    "bslib",
    "evaluate",
    "fontawesome",
    "htmltools",
    "jquerylib",
    "jsonlite",
    "knitr",
    "tinytex",
    "xfun",
    "yaml",
]

[[package]]
name = "rprojroot"
version = "2.1.1"
source = "cran"
raw_version = "2.1.1"
url = "https://cran.r-project.org/src/contrib/rprojroot_2.1.1.tar.gz"
checksum = "md5:307fef4f932acc1d8660a857e44d5fb7"

[[package]]
name = "rstudioapi"
version = "0.19.0"
source = "cran"
raw_version = "0.19.0"
url = "https://cran.r-project.org/src/contrib/rstudioapi_0.19.0.tar.gz"
checksum = "md5:4cbb808adec83c594391db9be1f7ebf4"

[[package]]
name = "rvest"
version = "1.0.5"
source = "cran"
raw_version = "1.0.5"
url = "https://cran.r-project.org/src/contrib/rvest_1.0.5.tar.gz"
checksum = "md5:247669d2388a127d3dda7a6024f33675"
requires = [
    "cli",
    "glue",
    "httr",
    "lifecycle",
    "magrittr",
    "rlang",
    "selectr",
    "tibble",
    "xml2",
]

[[package]]
name = "rvg"
version = "0.4.2"
source = "cran"
raw_version = "0.4.2"
url = "https://cran.r-project.org/src/contrib/rvg_0.4.2.tar.gz"
checksum = "md5:f6144709a8c00b15d0b67d0dd7b9de3d"
requires = [
    "gdtools",
    "officer",
    "Rcpp",
    "rlang",
    "systemfonts",
    "xml2",
    "Rcpp",
    "systemfonts",
]

[[package]]
name = "sass"
version = "0.4.10"
source = "cran"
raw_version = "0.4.10"
url = "https://cran.r-project.org/src/contrib/sass_0.4.10.tar.gz"
checksum = "md5:16054a7117a81ba75893fec17da62209"
requires = [
    "fs",
    "rlang",
    "htmltools",
    "R6",
    "rappdirs",
]

[[package]]
name = "scales"
version = "1.4.0"
source = "cran"
raw_version = "1.4.0"
url = "https://cran.r-project.org/src/contrib/scales_1.4.0.tar.gz"
checksum = "md5:6dd61123ecc2be3e3777aa77c172261d"
requires = [
    "cli",
    "farver",
    "glue",
    "labeling",
    "lifecycle",
    "R6",
    "RColorBrewer",
    "rlang",
    "viridisLite",
]

[[package]]
name = "selectr"
version = "0.6.0"
source = "cran"
raw_version = "0.6-0"
url = "https://cran.r-project.org/src/contrib/selectr_0.6-0.tar.gz"
checksum = "md5:7d86872fb9fa73c7c81aa6682134d712"
requires = ["R6"]

[[package]]
name = "snakecase"
version = "0.11.1"
source = "cran"
raw_version = "0.11.1"
url = "https://cran.r-project.org/src/contrib/snakecase_0.11.1.tar.gz"
checksum = "md5:3e5cbad0056783cff60d05eb75881f62"
requires = [
    "stringr",
    "stringi",
]

[[package]]
name = "stringi"
version = "1.8.7"
source = "cran"
raw_version = "1.8.7"
url = "https://cran.r-project.org/src/contrib/stringi_1.8.7.tar.gz"
checksum = "md5:e8d621e4b35873cd406271d3fe8c3281"

[[package]]
name = "stringr"
version = "1.6.0"
source = "cran"
raw_version = "1.6.0"
url = "https://cran.r-project.org/src/contrib/stringr_1.6.0.tar.gz"
checksum = "md5:e6d638f79f82b1c39fc88e7295ba1c9d"
requires = [
    "cli",
    "glue",
    "lifecycle",
    "magrittr",
    "rlang",
    "stringi",
    "vctrs",
]

[[package]]
name = "sys"
version = "3.4.3"
source = "cran"
raw_version = "3.4.3"
url = "https://cran.r-project.org/src/contrib/sys_3.4.3.tar.gz"
checksum = "md5:ffb4244c6d4cacdd4ac8ef187699707c"

[[package]]
name = "systemfonts"
version = "1.3.2"
source = "cran"
raw_version = "1.3.2"
url = "https://cran.r-project.org/src/contrib/systemfonts_1.3.2.tar.gz"
checksum = "md5:57b95280ca9bba2bb18477eb512ac971"
requires = [
    "base64enc",
    "jsonlite",
    "lifecycle",
    "cpp11",
]

[[package]]
name = "textshaping"
version = "1.0.5"
source = "cran"
raw_version = "1.0.5"
url = "https://cran.r-project.org/src/contrib/textshaping_1.0.5.tar.gz"
checksum = "md5:93771d8cfc50a7ed021df061ce71e07f"
requires = [
    "lifecycle",
    "stringi",
    "systemfonts",
    "cpp11",
    "systemfonts",
]

[[package]]
name = "tibble"
version = "3.3.1"
source = "cran"
raw_version = "3.3.1"
url = "https://cran.r-project.org/src/contrib/tibble_3.3.1.tar.gz"
checksum = "md5:97ff25ebdd1460ec152d48e9bb54fa43"
requires = [
    "cli",
    "lifecycle",
    "magrittr",
    "pillar",
    "pkgconfig",
    "rlang",
    "vctrs",
]

[[package]]
name = "tidyr"
version = "1.3.2"
source = "cran"
raw_version = "1.3.2"
url = "https://cran.r-project.org/src/contrib/tidyr_1.3.2.tar.gz"
checksum = "md5:f8e976221d4ed9092c734cf86abcdba9"
requires = [
    "cli",
    "dplyr",
    "glue",
    "lifecycle",
    "magrittr",
    "purrr",
    "rlang",
    "stringr",
    "tibble",
    "tidyselect",
    "vctrs",
    "cpp11",
]

[[package]]
name = "tidyselect"
version = "1.2.1"
source = "cran"
raw_version = "1.2.1"
url = "https://cran.r-project.org/src/contrib/tidyselect_1.2.1.tar.gz"
checksum = "md5:49c581292e819a2a39aac321f27ab0a8"
requires = [
    "cli",
    "glue",
    "lifecycle",
    "rlang",
    "vctrs",
    "withr",
]

[[package]]
name = "tidyverse"
version = "2.0.0"
source = "cran"
raw_version = "2.0.0"
url = "https://cran.r-project.org/src/contrib/tidyverse_2.0.0.tar.gz"
checksum = "md5:f5705d42feb6697e214d8b007fda2f55"
requires = [
    "broom",
    "conflicted",
    "cli",
    "dbplyr",
    "dplyr",
    "dtplyr",
    "forcats",
    "ggplot2",
    "googledrive",
    "googlesheets4",
    "haven",
    "hms",
    "httr",
    "jsonlite",
    "lubridate",
    "magrittr",
    "modelr",
    "pillar",
    "purrr",
    "ragg",
    "readr",
    "readxl",
    "reprex",
    "rlang",
    "rstudioapi",
    "rvest",
    "stringr",
    "tibble",
    "tidyr",
    "xml2",
]

[[package]]
name = "timechange"
version = "0.4.0"
source = "cran"
raw_version = "0.4.0"
url = "https://cran.r-project.org/src/contrib/timechange_0.4.0.tar.gz"
checksum = "md5:4cabacecbed68e3beb00e47d42fc9fca"
requires = ["cpp11"]

[[package]]
name = "tinytex"
version = "0.60.0"
source = "cran"
raw_version = "0.60"
url = "https://cran.r-project.org/src/contrib/tinytex_0.60.tar.gz"
checksum = "md5:c680dc21cfd948a22a4f72427967e3e0"
requires = ["xfun"]

[[package]]
name = "tzdb"
version = "0.5.0"
source = "cran"
raw_version = "0.5.0"
url = "https://cran.r-project.org/src/contrib/tzdb_0.5.0.tar.gz"
checksum = "md5:a9f89aa8a851f7a2a13856e815c8bb1c"
requires = ["cpp11"]

[[package]]
name = "utf8"
version = "1.2.6"
source = "cran"
raw_version = "1.2.6"
url = "https://cran.r-project.org/src/contrib/utf8_1.2.6.tar.gz"
checksum = "md5:12037c186ddded4d9b289762b69fc435"

[[package]]
name = "uuid"
version = "1.2.2"
source = "cran"
raw_version = "1.2-2"
url = "https://cran.r-project.org/src/contrib/uuid_1.2-2.tar.gz"
checksum = "md5:37ebfbe8de2e1275d465cc2f569f1b50"

[[package]]
name = "vctrs"
version = "0.7.3"
source = "cran"
raw_version = "0.7.3"
url = "https://cran.r-project.org/src/contrib/vctrs_0.7.3.tar.gz"
checksum = "md5:d99218820f353c359ff59fd46b52ddb3"
requires = [
    "cli",
    "glue",
    "lifecycle",
    "rlang",
]

[[package]]
name = "viridisLite"
version = "0.4.3"
source = "cran"
raw_version = "0.4.3"
url = "https://cran.r-project.org/src/contrib/viridisLite_0.4.3.tar.gz"
checksum = "md5:ecfcfd15db2d5a79c25b9514748762b5"

[[package]]
name = "vroom"
version = "1.7.1"
source = "cran"
raw_version = "1.7.1"
url = "https://cran.r-project.org/src/contrib/vroom_1.7.1.tar.gz"
checksum = "md5:68e4cfa008bd830c7f6f47b26a1cff0e"
requires = [
    "bit64",
    "cli",
    "crayon",
    "glue",
    "hms",
    "lifecycle",
    "rlang",
    "tibble",
    "tidyselect",
    "tzdb",
    "vctrs",
    "withr",
    "cpp11",
    "progress",
    "tzdb",
]

[[package]]
name = "withr"
version = "3.0.3"
source = "cran"
raw_version = "3.0.3"
url = "https://cran.r-project.org/src/contrib/withr_3.0.3.tar.gz"
checksum = "md5:121bf3699aadb9d1b47d648964b934f8"

[[package]]
name = "xfun"
version = "0.60.0"
source = "cran"
raw_version = "0.60"
url = "https://cran.r-project.org/src/contrib/xfun_0.60.tar.gz"
checksum = "md5:1bea9ab58602d9b6eac3b5823a95e5e6"

[[package]]
name = "xml2"
version = "1.6.0"
source = "cran"
raw_version = "1.6.0"
url = "https://cran.r-project.org/src/contrib/xml2_1.6.0.tar.gz"
checksum = "md5:4e005569a935f91400a06533cad641e8"
requires = [
    "cli",
    "rlang",
]

[[package]]
name = "yaml"
version = "2.3.12"
source = "cran"
raw_version = "2.3.12"
url = "https://cran.r-project.org/src/contrib/yaml_2.3.12.tar.gz"
checksum = "md5:6beea9b09717960f6c79fcbc1e129c41"

[[package]]
name = "zip"
version = "3.0.1"
source = "cran"
raw_version = "3.0.1"
url = "https://cran.r-project.org/src/contrib/zip_3.0.1.tar.gz"
checksum = "md5:9d10f1781a9bc86328c22d92426f4b59"
requires = ["cli"]
